
Microsoft Visual Studio Solution File, Format Version 12.00
# Visual Studio Version 16
VisualStudioVersion = 16.0.31729.503
MinimumVisualStudioVersion = 10.0.40219.1
Project("{FAE04EC0-301F-11D3-BF4B-00C04F79EFBC}") = "Generics1-Csharp", "Generics1-Csharp\Generics1-Csharp.csproj", "{7A8E6610-14C4-4658-8605-95E0A86C7193}"
EndProject
Global
	GlobalSection(SolutionConfigurationPlatforms) = preSolution
		Debug|Any CPU = Debug|Any CPU
		Release|Any CPU = Release|Any CPU
	EndGlobalSection
	GlobalSection(ProjectConfigurationPlatforms) = postSolution
		{7A8E6610-14C4-4658-8605-95E0A86C7193}.Debug|Any CPU.ActiveCfg = Debug|Any CPU
		{7A8E6610-14C4-4658-8605-95E0A86C7193}.Debug|Any CPU.Build.0 = Debug|Any CPU
		{7A8E6610-14C4-4658-8605-95E0A86C7193}.Release|Any CPU.ActiveCfg = Release|Any CPU
		{7A8E6610-14C4-4658-8605-95E0A86C7193}.Release|Any CPU.Build.0 = Release|Any CPU
	EndGlobalSection
	GlobalSection(SolutionProperties) = preSolution
		HideSolutionNode = FALSE
	EndGlobalSection
	GlobalSection(ExtensibilityGlobals) = postSolution
		SolutionGuid = {7C889169-D928-4F17-8D05-2E88623A0013}
	EndGlobalSection
EndGlobal
